
Microsoft Visual Studio Solution File, Format Version 12.00
# Visual Studio Version 16
VisualStudioVersion = 16.0.29613.14
MinimumVisualStudioVersion = 10.0.40219.1
Project("{9A19103F-16F7-4668-BE54-9A1E7A4F7556}") = "Web", "Web\Web.csproj", "{8B68C928-135B-43B3-9DE4-549CC3BB8A75}"
EndProject
Project("{2150E333-8FDC-42A3-9474-1A3956D46DE8}") = "3.Infrastructure", "3.Infrastructure", "{D34901CE-5A07-4020-B25B-38C5B21A0794}"
EndProject
Project("{2150E333-8FDC-42A3-9474-1A3956D46DE8}") = "2.Domain Layer", "2.Domain Layer", "{74D9B5DD-F729-452F-A6A7-2710E5FFDE2F}"
EndProject
Project("{2150E333-8FDC-42A3-9474-1A3956D46DE8}") = "1.Application", "1.Application", "{4DB1246F-D2C2-4FD9-9723-F8E1C36956F0}"
EndProject
Project("{9A19103F-16F7-4668-BE54-9A1E7A4F7556}") = "Infrastructure.Web", "Infrastructure.Web\Infrastructure.Web.csproj", "{AEF5AADE-441A-4126-89C6-4C0D1E3FA02B}"
EndProject
Project("{9A19103F-16F7-4668-BE54-9A1E7A4F7556}") = "Domain.Application", "Domain.Application\Domain.Application.csproj", "{8177F4D3-050E-4131-AAA4-31D9CD9D3F20}"
EndProject
Project("{9A19103F-16F7-4668-BE54-9A1E7A4F7556}") = "DatabaseTools", "DatabaseTools\DatabaseTools.csproj", "{DC9D7184-116C-4D3C-8033-2967DDE7EEEB}"
EndProject
Project("{9A19103F-16F7-4668-BE54-9A1E7A4F7556}") = "Infrastructure.Database", "Infrastructure.Database\Infrastructure.Database.csproj", "{48E45470-81B1-48D0-8EE3-5560220E7D2D}"
EndProject
Project("{9A19103F-16F7-4668-BE54-9A1E7A4F7556}") = "Domain.Application.Dto", "Domain.Application.Dto\Domain.Application.Dto.csproj", "{2C49E1F8-AC9C-4E07-96D1-C29A447F5F24}"
EndProject
Project("{9A19103F-16F7-4668-BE54-9A1E7A4F7556}") = "Domain.Common", "Domain.Common\Domain.Common.csproj", "{9AA264B2-428B-47D4-B6D8-EEBC354B9CDA}"
EndProject
Project("{9A19103F-16F7-4668-BE54-9A1E7A4F7556}") = "Infrastructure.Common", "Infrastructure.Common\Infrastructure.Common.csproj", "{D9982C11-5686-45C0-9D3D-E4DDA6D36DDF}"
EndProject
Project("{9A19103F-16F7-4668-BE54-9A1E7A4F7556}") = "Domain.Shop", "Domain.Shop\Domain.Shop.csproj", "{D889C76E-D481-461A-93CC-BE3742DD85BB}"
EndProject
Project("{9A19103F-16F7-4668-BE54-9A1E7A4F7556}") = "Domain.Shop.Dto", "Domain.Shop.Dto\Domain.Shop.Dto.csproj", "{55E0B2F9-D8CD-4637-A9AF-4E349CC03635}"
EndProject
Global
	GlobalSection(SolutionConfigurationPlatforms) = preSolution
		Debug|Any CPU = Debug|Any CPU
		Release|Any CPU = Release|Any CPU
	EndGlobalSection
	GlobalSection(ProjectConfigurationPlatforms) = postSolution
		{8B68C928-135B-43B3-9DE4-549CC3BB8A75}.Debug|Any CPU.ActiveCfg = Debug|Any CPU
		{8B68C928-135B-43B3-9DE4-549CC3BB8A75}.Debug|Any CPU.Build.0 = Debug|Any CPU
		{8B68C928-135B-43B3-9DE4-549CC3BB8A75}.Release|Any CPU.ActiveCfg = Release|Any CPU
		{8B68C928-135B-43B3-9DE4-549CC3BB8A75}.Release|Any CPU.Build.0 = Release|Any CPU
		{AEF5AADE-441A-4126-89C6-4C0D1E3FA02B}.Debug|Any CPU.ActiveCfg = Debug|Any CPU
		{AEF5AADE-441A-4126-89C6-4C0D1E3FA02B}.Debug|Any CPU.Build.0 = Debug|Any CPU
		{AEF5AADE-441A-4126-89C6-4C0D1E3FA02B}.Release|Any CPU.ActiveCfg = Release|Any CPU
		{AEF5AADE-441A-4126-89C6-4C0D1E3FA02B}.Release|Any CPU.Build.0 = Release|Any CPU
		{8177F4D3-050E-4131-AAA4-31D9CD9D3F20}.Debug|Any CPU.ActiveCfg = Debug|Any CPU
		{8177F4D3-050E-4131-AAA4-31D9CD9D3F20}.Debug|Any CPU.Build.0 = Debug|Any CPU
		{8177F4D3-050E-4131-AAA4-31D9CD9D3F20}.Release|Any CPU.ActiveCfg = Release|Any CPU
		{8177F4D3-050E-4131-AAA4-31D9CD9D3F20}.Release|Any CPU.Build.0 = Release|Any CPU
		{DC9D7184-116C-4D3C-8033-2967DDE7EEEB}.Debug|Any CPU.ActiveCfg = Debug|Any CPU
		{DC9D7184-116C-4D3C-8033-2967DDE7EEEB}.Debug|Any CPU.Build.0 = Debug|Any CPU
		{DC9D7184-116C-4D3C-8033-2967DDE7EEEB}.Release|Any CPU.ActiveCfg = Release|Any CPU
		{DC9D7184-116C-4D3C-8033-2967DDE7EEEB}.Release|Any CPU.Build.0 = Release|Any CPU
		{48E45470-81B1-48D0-8EE3-5560220E7D2D}.Debug|Any CPU.ActiveCfg = Debug|Any CPU
		{48E45470-81B1-48D0-8EE3-5560220E7D2D}.Debug|Any CPU.Build.0 = Debug|Any CPU
		{48E45470-81B1-48D0-8EE3-5560220E7D2D}.Release|Any CPU.ActiveCfg = Release|Any CPU
		{48E45470-81B1-48D0-8EE3-5560220E7D2D}.Release|Any CPU.Build.0 = Release|Any CPU
		{2C49E1F8-AC9C-4E07-96D1-C29A447F5F24}.Debug|Any CPU.ActiveCfg = Debug|Any CPU
		{2C49E1F8-AC9C-4E07-96D1-C29A447F5F24}.Debug|Any CPU.Build.0 = Debug|Any CPU
		{2C49E1F8-AC9C-4E07-96D1-C29A447F5F24}.Release|Any CPU.ActiveCfg = Release|Any CPU
		{2C49E1F8-AC9C-4E07-96D1-C29A447F5F24}.Release|Any CPU.Build.0 = Release|Any CPU
		{9AA264B2-428B-47D4-B6D8-EEBC354B9CDA}.Debug|Any CPU.ActiveCfg = Debug|Any CPU
		{9AA264B2-428B-47D4-B6D8-EEBC354B9CDA}.Debug|Any CPU.Build.0 = Debug|Any CPU
		{9AA264B2-428B-47D4-B6D8-EEBC354B9CDA}.Release|Any CPU.ActiveCfg = Release|Any CPU
		{9AA264B2-428B-47D4-B6D8-EEBC354B9CDA}.Release|Any CPU.Build.0 = Release|Any CPU
		{D9982C11-5686-45C0-9D3D-E4DDA6D36DDF}.Debug|Any CPU.ActiveCfg = Debug|Any CPU
		{D9982C11-5686-45C0-9D3D-E4DDA6D36DDF}.Debug|Any CPU.Build.0 = Debug|Any CPU
		{D9982C11-5686-45C0-9D3D-E4DDA6D36DDF}.Release|Any CPU.ActiveCfg = Release|Any CPU
		{D9982C11-5686-45C0-9D3D-E4DDA6D36DDF}.Release|Any CPU.Build.0 = Release|Any CPU
		{D889C76E-D481-461A-93CC-BE3742DD85BB}.Debug|Any CPU.ActiveCfg = Debug|Any CPU
		{D889C76E-D481-461A-93CC-BE3742DD85BB}.Debug|Any CPU.Build.0 = Debug|Any CPU
		{D889C76E-D481-461A-93CC-BE3742DD85BB}.Release|Any CPU.ActiveCfg = Release|Any CPU
		{D889C76E-D481-461A-93CC-BE3742DD85BB}.Release|Any CPU.Build.0 = Release|Any CPU
		{55E0B2F9-D8CD-4637-A9AF-4E349CC03635}.Debug|Any CPU.ActiveCfg = Debug|Any CPU
		{55E0B2F9-D8CD-4637-A9AF-4E349CC03635}.Debug|Any CPU.Build.0 = Debug|Any CPU
		{55E0B2F9-D8CD-4637-A9AF-4E349CC03635}.Release|Any CPU.ActiveCfg = Release|Any CPU
		{55E0B2F9-D8CD-4637-A9AF-4E349CC03635}.Release|Any CPU.Build.0 = Release|Any CPU
	EndGlobalSection
	GlobalSection(SolutionProperties) = preSolution
		HideSolutionNode = FALSE
	EndGlobalSection
	GlobalSection(NestedProjects) = preSolution
		{8B68C928-135B-43B3-9DE4-549CC3BB8A75} = {4DB1246F-D2C2-4FD9-9723-F8E1C36956F0}
		{AEF5AADE-441A-4126-89C6-4C0D1E3FA02B} = {D34901CE-5A07-4020-B25B-38C5B21A0794}
		{8177F4D3-050E-4131-AAA4-31D9CD9D3F20} = {74D9B5DD-F729-452F-A6A7-2710E5FFDE2F}
		{DC9D7184-116C-4D3C-8033-2967DDE7EEEB} = {4DB1246F-D2C2-4FD9-9723-F8E1C36956F0}
		{48E45470-81B1-48D0-8EE3-5560220E7D2D} = {D34901CE-5A07-4020-B25B-38C5B21A0794}
		{2C49E1F8-AC9C-4E07-96D1-C29A447F5F24} = {74D9B5DD-F729-452F-A6A7-2710E5FFDE2F}
		{9AA264B2-428B-47D4-B6D8-EEBC354B9CDA} = {74D9B5DD-F729-452F-A6A7-2710E5FFDE2F}
		{D9982C11-5686-45C0-9D3D-E4DDA6D36DDF} = {D34901CE-5A07-4020-B25B-38C5B21A0794}
		{D889C76E-D481-461A-93CC-BE3742DD85BB} = {74D9B5DD-F729-452F-A6A7-2710E5FFDE2F}
		{55E0B2F9-D8CD-4637-A9AF-4E349CC03635} = {74D9B5DD-F729-452F-A6A7-2710E5FFDE2F}
	EndGlobalSection
	GlobalSection(ExtensibilityGlobals) = postSolution
		SolutionGuid = {D656CD6D-5045-43A3-9710-726CCD957E1B}
	EndGlobalSection
EndGlobal
